
Microsoft Visual Studio Solution File, Format Version 12.00
# Visual Studio 15
VisualStudioVersion = 15.0.28307.1259
MinimumVisualStudioVersion = 10.0.40219.1
Project("{FAE04EC0-301F-11D3-BF4B-00C04F79EFBC}") = "Hardware-Shop", "Hardware-Shop\Hardware-Shop.csproj", "{ECBA3465-E96A-4AC0-8C02-D11AC5595C64}"
EndProject
Global
	GlobalSection(SolutionConfigurationPlatforms) = preSolution
		Debug|Any CPU = Debug|Any CPU
		Release|Any CPU = Release|Any CPU
	EndGlobalSection
	GlobalSection(ProjectConfigurationPlatforms) = postSolution
		{ECBA3465-E96A-4AC0-8C02-D11AC5595C64}.Debug|Any CPU.ActiveCfg = Debug|Any CPU
		{ECBA3465-E96A-4AC0-8C02-D11AC5595C64}.Debug|Any CPU.Build.0 = Debug|Any CPU
		{ECBA3465-E96A-4AC0-8C02-D11AC5595C64}.Release|Any CPU.ActiveCfg = Release|Any CPU
		{ECBA3465-E96A-4AC0-8C02-D11AC5595C64}.Release|Any CPU.Build.0 = Release|Any CPU
	EndGlobalSection
	GlobalSection(SolutionProperties) = preSolution
		HideSolutionNode = FALSE
	EndGlobalSection
	GlobalSection(ExtensibilityGlobals) = postSolution
		SolutionGuid = {30AA1E4E-92D7-4B9C-A358-1E31D49D2DA5}
	EndGlobalSection
EndGlobal
